// !$*UTF8*$!
{
	archiveVersion = 1;
	classes = {
	};
	objectVersion = 51;
	objects = {

/* Begin PBXBuildFile section */
		044CD6D225FAEE35002F9340 /* Pods.xcworkspace in Resources */ = {isa = PBXBuildFile; fileRef = 044CD68F25FAEE32002F9340 /* Pods.xcworkspace */; };
		044CD6D325FAEE35002F9340 /* GoogleAppMeasurement in Resources */ = {isa = PBXBuildFile; fileRef = 044CD69025FAEE32002F9340 /* GoogleAppMeasurement */; };
		044CD6D425FAEE35002F9340 /* FirebaseDatabase in Resources */ = {isa = PBXBuildFile; fileRef = 044CD69125FAEE32002F9340 /* FirebaseDatabase */; };
		044CD6D525FAEE35002F9340 /* Firebase in Resources */ = {isa = PBXBuildFile; fileRef = 044CD69225FAEE32002F9340 /* Firebase */; };
		044CD6D625FAEE35002F9340 /* GoogleUtilities in Resources */ = {isa = PBXBuildFile; fileRef = 044CD69325FAEE32002F9340 /* GoogleUtilities */; };
		044CD6D725FAEE35002F9340 /* GoogleDataTransport in Resources */ = {isa = PBXBuildFile; fileRef = 044CD69425FAEE32002F9340 /* GoogleDataTransport */; };
		044CD6D825FAEE35002F9340 /* FirebaseStorage in Resources */ = {isa = PBXBuildFile; fileRef = 044CD69525FAEE32002F9340 /* FirebaseStorage */; };
		044CD6D925FAEE35002F9340 /* GTMSessionFetcher in Resources */ = {isa = PBXBuildFile; fileRef = 044CD69625FAEE33002F9340 /* GTMSessionFetcher */; };
		044CD6DA25FAEE35002F9340 /* PromisesObjC in Resources */ = {isa = PBXBuildFile; fileRef = 044CD69725FAEE33002F9340 /* PromisesObjC */; };
		044CD6DB25FAEE35002F9340 /* FirebaseAuth in Resources */ = {isa = PBXBuildFile; fileRef = 044CD69825FAEE33002F9340 /* FirebaseAuth */; };
		044CD6DC25FAEE35002F9340 /* GoogleMaps in Resources */ = {isa = PBXBuildFile; fileRef = 044CD69925FAEE33002F9340 /* GoogleMaps */; };
		044CD6DD25FAEE35002F9340 /* leveldb-library in Resources */ = {isa = PBXBuildFile; fileRef = 044CD69A25FAEE33002F9340 /* leveldb-library */; };
		044CD6DE25FAEE35002F9340 /* Local Podspecs in Resources */ = {isa = PBXBuildFile; fileRef = 044CD69B25FAEE33002F9340 /* Local Podspecs */; };
		044CD6DF25FAEE35002F9340 /* FirebaseCore in Resources */ = {isa = PBXBuildFile; fileRef = 044CD69C25FAEE33002F9340 /* FirebaseCore */; };
		044CD6E025FAEE35002F9340 /* FirebaseCoreDiagnostics in Resources */ = {isa = PBXBuildFile; fileRef = 044CD69D25FAEE34002F9340 /* FirebaseCoreDiagnostics */; };
		044CD6E125FAEE35002F9340 /* FirebaseInstallations in Resources */ = {isa = PBXBuildFile; fileRef = 044CD69E25FAEE34002F9340 /* FirebaseInstallations */; };
		044CD6E225FAEE35002F9340 /* Headers in Resources */ = {isa = PBXBuildFile; fileRef = 044CD6CD25FAEE34002F9340 /* Headers */; };
		044CD6E325FAEE35002F9340 /* Manifest.lock in Resources */ = {isa = PBXBuildFile; fileRef = 044CD6CE25FAEE35002F9340 /* Manifest.lock */; };
		044CD6E425FAEE35002F9340 /* nanopb in Resources */ = {isa = PBXBuildFile; fileRef = 044CD6CF25FAEE35002F9340 /* nanopb */; };
		044CD6E525FAEE35002F9340 /* Target Support Files in Resources */ = {isa = PBXBuildFile; fileRef = 044CD6D025FAEE35002F9340 /* Target Support Files */; };
		044CD6E625FAEE35002F9340 /* FirebaseAnalytics in Resources */ = {isa = PBXBuildFile; fileRef = 044CD6D125FAEE35002F9340 /* FirebaseAnalytics */; };
		04A89AD725E4709100C2E7F0 /* AppDelegate.swift in Sources */ = {isa = PBXBuildFile; fileRef = 04A89AD625E4709100C2E7F0 /* AppDelegate.swift */; };
		04A89AD925E4709100C2E7F0 /* SceneDelegate.swift in Sources */ = {isa = PBXBuildFile; fileRef = 04A89AD825E4709100C2E7F0 /* SceneDelegate.swift */; };
		04A89ADB25E4709100C2E7F0 /* ViewController.swift in Sources */ = {isa = PBXBuildFile; fileRef = 04A89ADA25E4709100C2E7F0 /* ViewController.swift */; };
		04A89ADE25E4709100C2E7F0 /* Main.storyboard in Resources */ = {isa = PBXBuildFile; fileRef = 04A89ADC25E4709100C2E7F0 /* Main.storyboard */; };
		04A89AE025E4709300C2E7F0 /* Assets.xcassets in Resources */ = {isa = PBXBuildFile; fileRef = 04A89ADF25E4709300C2E7F0 /* Assets.xcassets */; };
		04A89AE325E4709300C2E7F0 /* LaunchScreen.storyboard in Resources */ = {isa = PBXBuildFile; fileRef = 04A89AE125E4709300C2E7F0 /* LaunchScreen.storyboard */; };
		04A89AEB25E4717C00C2E7F0 /* GoogleService-Info.plist in Resources */ = {isa = PBXBuildFile; fileRef = 04A89AEA25E4717C00C2E7F0 /* GoogleService-Info.plist */; };
		CD3025A347002E8900D0A4B7 /* Pods_Magnet.framework in Frameworks */ = {isa = PBXBuildFile; fileRef = BBA89B354B368F0E434816B9 /* Pods_Magnet.framework */; };
		E01C7ADF25F8599A00CEB545 /* RegistrationViewController.swift in Sources */ = {isa = PBXBuildFile; fileRef = E01C7ADD25F8599A00CEB545 /* RegistrationViewController.swift */; };
		E01C7AE025F8599A00CEB545 /* RegistrationViewController.xib in Resources */ = {isa = PBXBuildFile; fileRef = E01C7ADE25F8599A00CEB545 /* RegistrationViewController.xib */; };
		E0D81CAE25ED699600DF3774 /* SignInViewController.swift in Sources */ = {isa = PBXBuildFile; fileRef = E0D81CAD25ED699600DF3774 /* SignInViewController.swift */; };
		E0D81CB225ED81A800DF3774 /* PreviewRegViewController.swift in Sources */ = {isa = PBXBuildFile; fileRef = E0D81CB125ED81A800DF3774 /* PreviewRegViewController.swift */; };
		E0D81CB625ED8CB100DF3774 /* SecondRegViewController.swift in Sources */ = {isa = PBXBuildFile; fileRef = E0D81CB525ED8CB100DF3774 /* SecondRegViewController.swift */; };
		E7ADF8EA25F5C1EF00D42CA0 /* MAPVC.swift in Sources */ = {isa = PBXBuildFile; fileRef = E7ADF8E925F5C1EF00D42CA0 /* MAPVC.swift */; };
/* End PBXBuildFile section */

/* Begin PBXContainerItemProxy section */
		044CD6B325FAEE34002F9340 /* PBXContainerItemProxy */ = {
			isa = PBXContainerItemProxy;
			containerPortal = 044CD69F25FAEE34002F9340 /* Pods.xcodeproj */;
			proxyType = 2;
			remoteGlobalIDString = 43B1E4CD7B30B9FD278100133C2AC788;
			remoteInfo = FirebaseAuth;
		};
		044CD6B525FAEE34002F9340 /* PBXContainerItemProxy */ = {
			isa = PBXContainerItemProxy;
			containerPortal = 044CD69F25FAEE34002F9340 /* Pods.xcodeproj */;
			proxyType = 2;
			remoteGlobalIDString = E2B63D462DB7F827C4B11FD51E4F8E2D;
			remoteInfo = FirebaseCore;
		};
		044CD6B725FAEE34002F9340 /* PBXContainerItemProxy */ = {
			isa = PBXContainerItemProxy;
			containerPortal = 044CD69F25FAEE34002F9340 /* Pods.xcodeproj */;
			proxyType = 2;
			remoteGlobalIDString = 8CC9178C366942FD6FF6A115604EAD58;
			remoteInfo = FirebaseCoreDiagnostics;
		};
		044CD6B925FAEE34002F9340 /* PBXContainerItemProxy */ = {
			isa = PBXContainerItemProxy;
			containerPortal = 044CD69F25FAEE34002F9340 /* Pods.xcodeproj */;
			proxyType = 2;
			remoteGlobalIDString = 51671C73F008B5C0C3751B3855999213;
			remoteInfo = FirebaseDatabase;
		};
		044CD6BB25FAEE34002F9340 /* PBXContainerItemProxy */ = {
			isa = PBXContainerItemProxy;
			containerPortal = 044CD69F25FAEE34002F9340 /* Pods.xcodeproj */;
			proxyType = 2;
			remoteGlobalIDString = 13C8C8B254851998F9289F71229B28A2;
			remoteInfo = FirebaseInstallations;
		};
		044CD6BD25FAEE34002F9340 /* PBXContainerItemProxy */ = {
			isa = PBXContainerItemProxy;
			containerPortal = 044CD69F25FAEE34002F9340 /* Pods.xcodeproj */;
			proxyType = 2;
			remoteGlobalIDString = 9CF8FA5F01F446F01AAC7331075452AD;
			remoteInfo = FirebaseStorage;
		};
		044CD6BF25FAEE34002F9340 /* PBXContainerItemProxy */ = {
			isa = PBXContainerItemProxy;
			containerPortal = 044CD69F25FAEE34002F9340 /* Pods.xcodeproj */;
			proxyType = 2;
			remoteGlobalIDString = 856B5CD56F194FAD26EA91620B66D614;
			remoteInfo = GoogleDataTransport;
		};
		044CD6C125FAEE34002F9340 /* PBXContainerItemProxy */ = {
			isa = PBXContainerItemProxy;
			containerPortal = 044CD69F25FAEE34002F9340 /* Pods.xcodeproj */;
			proxyType = 2;
			remoteGlobalIDString = B43874C6CBB50E7134FBEC24BABFE14F;
			remoteInfo = GoogleUtilities;
		};
		044CD6C325FAEE34002F9340 /* PBXContainerItemProxy */ = {
			isa = PBXContainerItemProxy;
			containerPortal = 044CD69F25FAEE34002F9340 /* Pods.xcodeproj */;
			proxyType = 2;
			remoteGlobalIDString = C1998E0D8085221AD87F89B614C10E52;
			remoteInfo = GTMSessionFetcher;
		};
		044CD6C525FAEE34002F9340 /* PBXContainerItemProxy */ = {
			isa = PBXContainerItemProxy;
			containerPortal = 044CD69F25FAEE34002F9340 /* Pods.xcodeproj */;
			proxyType = 2;
			remoteGlobalIDString = 0A9F46A999C47653013D3AD854352507;
			remoteInfo = "leveldb-library";
		};
		044CD6C725FAEE34002F9340 /* PBXContainerItemProxy */ = {
			isa = PBXContainerItemProxy;
			containerPortal = 044CD69F25FAEE34002F9340 /* Pods.xcodeproj */;
			proxyType = 2;
			remoteGlobalIDString = 06FC5C9CF96D60C50FCD47D339C91951;
			remoteInfo = nanopb;
		};
		044CD6C925FAEE34002F9340 /* PBXContainerItemProxy */ = {
			isa = PBXContainerItemProxy;
			containerPortal = 044CD69F25FAEE34002F9340 /* Pods.xcodeproj */;
			proxyType = 2;
			remoteGlobalIDString = 1EDF5A6E2BFADA2B17454DB1669A9975;
			remoteInfo = "Pods-Magnet";
		};
		044CD6CB25FAEE34002F9340 /* PBXContainerItemProxy */ = {
			isa = PBXContainerItemProxy;
			containerPortal = 044CD69F25FAEE34002F9340 /* Pods.xcodeproj */;
			proxyType = 2;
			remoteGlobalIDString = 3347A1AB6546F0A3977529B8F199DC41;
			remoteInfo = PromisesObjC;
		};
/* End PBXContainerItemProxy section */

/* Begin PBXFileReference section */
		044CD68F25FAEE32002F9340 /* Pods.xcworkspace */ = {isa = PBXFileReference; lastKnownFileType = wrapper.workspace; path = Pods.xcworkspace; sourceTree = "<group>"; };
		044CD69025FAEE32002F9340 /* GoogleAppMeasurement */ = {isa = PBXFileReference; lastKnownFileType = folder; path = GoogleAppMeasurement; sourceTree = "<group>"; };
		044CD69125FAEE32002F9340 /* FirebaseDatabase */ = {isa = PBXFileReference; lastKnownFileType = folder; path = FirebaseDatabase; sourceTree = "<group>"; };
		044CD69225FAEE32002F9340 /* Firebase */ = {isa = PBXFileReference; lastKnownFileType = folder; path = Firebase; sourceTree = "<group>"; };
		044CD69325FAEE32002F9340 /* GoogleUtilities */ = {isa = PBXFileReference; lastKnownFileType = folder; path = GoogleUtilities; sourceTree = "<group>"; };
		044CD69425FAEE32002F9340 /* GoogleDataTransport */ = {isa = PBXFileReference; lastKnownFileType = folder; path = GoogleDataTransport; sourceTree = "<group>"; };
		044CD69525FAEE32002F9340 /* FirebaseStorage */ = {isa = PBXFileReference; lastKnownFileType = folder; path = FirebaseStorage; sourceTree = "<group>"; };
		044CD69625FAEE33002F9340 /* GTMSessionFetcher */ = {isa = PBXFileReference; lastKnownFileType = folder; path = GTMSessionFetcher; sourceTree = "<group>"; };
		044CD69725FAEE33002F9340 /* PromisesObjC */ = {isa = PBXFileReference; lastKnownFileType = folder; path = PromisesObjC; sourceTree = "<group>"; };
		044CD69825FAEE33002F9340 /* FirebaseAuth */ = {isa = PBXFileReference; lastKnownFileType = folder; path = FirebaseAuth; sourceTree = "<group>"; };
		044CD69925FAEE33002F9340 /* GoogleMaps */ = {isa = PBXFileReference; lastKnownFileType = folder; path = GoogleMaps; sourceTree = "<group>"; };
		044CD69A25FAEE33002F9340 /* leveldb-library */ = {isa = PBXFileReference; lastKnownFileType = folder; path = "leveldb-library"; sourceTree = "<group>"; };
		044CD69B25FAEE33002F9340 /* Local Podspecs */ = {isa = PBXFileReference; lastKnownFileType = folder; path = "Local Podspecs"; sourceTree = "<group>"; };
		044CD69C25FAEE33002F9340 /* FirebaseCore */ = {isa = PBXFileReference; lastKnownFileType = folder; path = FirebaseCore; sourceTree = "<group>"; };
		044CD69D25FAEE34002F9340 /* FirebaseCoreDiagnostics */ = {isa = PBXFileReference; lastKnownFileType = folder; path = FirebaseCoreDiagnostics; sourceTree = "<group>"; };
		044CD69E25FAEE34002F9340 /* FirebaseInstallations */ = {isa = PBXFileReference; lastKnownFileType = folder; path = FirebaseInstallations; sourceTree = "<group>"; };
		044CD69F25FAEE34002F9340 /* Pods.xcodeproj */ = {isa = PBXFileReference; lastKnownFileType = "wrapper.pb-project"; path = Pods.xcodeproj; sourceTree = "<group>"; };
		044CD6CD25FAEE34002F9340 /* Headers */ = {isa = PBXFileReference; lastKnownFileType = folder; path = Headers; sourceTree = "<group>"; };
		044CD6CE25FAEE35002F9340 /* Manifest.lock */ = {isa = PBXFileReference; fileEncoding = 4; lastKnownFileType = text; path = Manifest.lock; sourceTree = "<group>"; };
		044CD6CF25FAEE35002F9340 /* nanopb */ = {isa = PBXFileReference; lastKnownFileType = folder; path = nanopb; sourceTree = "<group>"; };
		044CD6D025FAEE35002F9340 /* Target Support Files */ = {isa = PBXFileReference; lastKnownFileType = folder; path = "Target Support Files"; sourceTree = "<group>"; };
		044CD6D125FAEE35002F9340 /* FirebaseAnalytics */ = {isa = PBXFileReference; lastKnownFileType = folder; path = FirebaseAnalytics; sourceTree = "<group>"; };
		04A89AD325E4709100C2E7F0 /* Magnet.app */ = {isa = PBXFileReference; explicitFileType = wrapper.application; includeInIndex = 0; path = Magnet.app; sourceTree = BUILT_PRODUCTS_DIR; };
		04A89AD625E4709100C2E7F0 /* AppDelegate.swift */ = {isa = PBXFileReference; lastKnownFileType = sourcecode.swift; path = AppDelegate.swift; sourceTree = "<group>"; };
		04A89AD825E4709100C2E7F0 /* SceneDelegate.swift */ = {isa = PBXFileReference; lastKnownFileType = sourcecode.swift; path = SceneDelegate.swift; sourceTree = "<group>"; };
		04A89ADA25E4709100C2E7F0 /* ViewController.swift */ = {isa = PBXFileReference; lastKnownFileType = sourcecode.swift; path = ViewController.swift; sourceTree = "<group>"; };
		04A89ADD25E4709100C2E7F0 /* Base */ = {isa = PBXFileReference; lastKnownFileType = file.storyboard; name = Base; path = Base.lproj/Main.storyboard; sourceTree = "<group>"; };
		04A89ADF25E4709300C2E7F0 /* Assets.xcassets */ = {isa = PBXFileReference; lastKnownFileType = folder.assetcatalog; path = Assets.xcassets; sourceTree = "<group>"; };
		04A89AE225E4709300C2E7F0 /* Base */ = {isa = PBXFileReference; lastKnownFileType = file.storyboard; name = Base; path = Base.lproj/LaunchScreen.storyboard; sourceTree = "<group>"; };
		04A89AE425E4709300C2E7F0 /* Info.plist */ = {isa = PBXFileReference; lastKnownFileType = text.plist.xml; path = Info.plist; sourceTree = "<group>"; };
		04A89AEA25E4717C00C2E7F0 /* GoogleService-Info.plist */ = {isa = PBXFileReference; fileEncoding = 4; lastKnownFileType = text.plist.xml; path = "GoogleService-Info.plist"; sourceTree = SOURCE_ROOT; };
		1842D3B5DB1D490E35814B5E /* Pods-Magnet.debug.xcconfig */ = {isa = PBXFileReference; includeInIndex = 1; lastKnownFileType = text.xcconfig; name = "Pods-Magnet.debug.xcconfig"; path = "Target Support Files/Pods-Magnet/Pods-Magnet.debug.xcconfig"; sourceTree = "<group>"; };
		B9D3E73CD016D854D443408A /* Pods-Magnet.release.xcconfig */ = {isa = PBXFileReference; includeInIndex = 1; lastKnownFileType = text.xcconfig; name = "Pods-Magnet.release.xcconfig"; path = "Target Support Files/Pods-Magnet/Pods-Magnet.release.xcconfig"; sourceTree = "<group>"; };
		BBA89B354B368F0E434816B9 /* Pods_Magnet.framework */ = {isa = PBXFileReference; explicitFileType = wrapper.framework; includeInIndex = 0; path = Pods_Magnet.framework; sourceTree = BUILT_PRODUCTS_DIR; };
		E01C7ADD25F8599A00CEB545 /* RegistrationViewController.swift */ = {isa = PBXFileReference; lastKnownFileType = sourcecode.swift; path = RegistrationViewController.swift; sourceTree = "<group>"; };
		E01C7ADE25F8599A00CEB545 /* RegistrationViewController.xib */ = {isa = PBXFileReference; lastKnownFileType = file.xib; path = RegistrationViewController.xib; sourceTree = "<group>"; };
		E0D81CAD25ED699600DF3774 /* SignInViewController.swift */ = {isa = PBXFileReference; lastKnownFileType = sourcecode.swift; path = SignInViewController.swift; sourceTree = "<group>"; };
		E0D81CB125ED81A800DF3774 /* PreviewRegViewController.swift */ = {isa = PBXFileReference; lastKnownFileType = sourcecode.swift; path = PreviewRegViewController.swift; sourceTree = "<group>"; };
		E0D81CB525ED8CB100DF3774 /* SecondRegViewController.swift */ = {isa = PBXFileReference; lastKnownFileType = sourcecode.swift; path = SecondRegViewController.swift; sourceTree = "<group>"; };
		E7ADF8E925F5C1EF00D42CA0 /* MAPVC.swift */ = {isa = PBXFileReference; lastKnownFileType = sourcecode.swift; path = MAPVC.swift; sourceTree = "<group>"; };
/* End PBXFileReference section */

/* Begin PBXFrameworksBuildPhase section */
		04A89AD025E4709100C2E7F0 /* Frameworks */ = {
			isa = PBXFrameworksBuildPhase;
			buildActionMask = 2147483647;
			files = (
				CD3025A347002E8900D0A4B7 /* Pods_Magnet.framework in Frameworks */,
			);
			runOnlyForDeploymentPostprocessing = 0;
		};
/* End PBXFrameworksBuildPhase section */

/* Begin PBXGroup section */
		044CD6A025FAEE34002F9340 /* Products */ = {
			isa = PBXGroup;
			children = (
				044CD6B425FAEE34002F9340 /* FirebaseAuth.framework */,
				044CD6B625FAEE34002F9340 /* FirebaseCore.framework */,
				044CD6B825FAEE34002F9340 /* FirebaseCoreDiagnostics.framework */,
				044CD6BA25FAEE34002F9340 /* FirebaseDatabase.framework */,
				044CD6BC25FAEE34002F9340 /* FirebaseInstallations.framework */,
				044CD6BE25FAEE34002F9340 /* FirebaseStorage.framework */,
				044CD6C025FAEE34002F9340 /* GoogleDataTransport.framework */,
				044CD6C225FAEE34002F9340 /* GoogleUtilities.framework */,
				044CD6C425FAEE34002F9340 /* GTMSessionFetcher.framework */,
				044CD6C625FAEE34002F9340 /* leveldb.framework */,
				044CD6C825FAEE34002F9340 /* nanopb.framework */,
				044CD6CA25FAEE34002F9340 /* Pods_Magnet.framework */,
				044CD6CC25FAEE34002F9340 /* FBLPromises.framework */,
			);
			name = Products;
			sourceTree = "<group>";
		};
		04A89ACA25E4709100C2E7F0 = {
			isa = PBXGroup;
			children = (
				04A89AD525E4709100C2E7F0 /* Magnet */,
				04A89AD425E4709100C2E7F0 /* Products */,
				FDA07BAE61E2117BFE16081D /* Pods */,
				83C7F389325083ED4F21EDD9 /* Frameworks */,
			);
			sourceTree = "<group>";
		};
		04A89AD425E4709100C2E7F0 /* Products */ = {
			isa = PBXGroup;
			children = (
				04A89AD325E4709100C2E7F0 /* Magnet.app */,
			);
			name = Products;
			sourceTree = "<group>";
		};
		04A89AD525E4709100C2E7F0 /* Magnet */ = {
			isa = PBXGroup;
			children = (
				E0D81CB125ED81A800DF3774 /* PreviewRegViewController.swift */,
				E0D81CAD25ED699600DF3774 /* SignInViewController.swift */,
				04A89AEA25E4717C00C2E7F0 /* GoogleService-Info.plist */,
				04A89AD625E4709100C2E7F0 /* AppDelegate.swift */,
				04A89AD825E4709100C2E7F0 /* SceneDelegate.swift */,
				04A89ADA25E4709100C2E7F0 /* ViewController.swift */,
				04A89ADC25E4709100C2E7F0 /* Main.storyboard */,
				E0D81CB525ED8CB100DF3774 /* SecondRegViewController.swift */,
				E01C7ADD25F8599A00CEB545 /* RegistrationViewController.swift */,
				E01C7ADE25F8599A00CEB545 /* RegistrationViewController.xib */,
				04A89ADF25E4709300C2E7F0 /* Assets.xcassets */,
				04A89AE125E4709300C2E7F0 /* LaunchScreen.storyboard */,
				04A89AE425E4709300C2E7F0 /* Info.plist */,
				E7ADF8E925F5C1EF00D42CA0 /* MAPVC.swift */,
			);
			path = Magnet;
			sourceTree = "<group>";
		};
		83C7F389325083ED4F21EDD9 /* Frameworks */ = {
			isa = PBXGroup;
			children = (
				BBA89B354B368F0E434816B9 /* Pods_Magnet.framework */,
			);
			name = Frameworks;
			sourceTree = "<group>";
		};
		FDA07BAE61E2117BFE16081D /* Pods */ = {
			isa = PBXGroup;
			children = (
				044CD69225FAEE32002F9340 /* Firebase */,
				044CD6D125FAEE35002F9340 /* FirebaseAnalytics */,
				044CD69825FAEE33002F9340 /* FirebaseAuth */,
				044CD69C25FAEE33002F9340 /* FirebaseCore */,
				044CD69D25FAEE34002F9340 /* FirebaseCoreDiagnostics */,
				044CD69125FAEE32002F9340 /* FirebaseDatabase */,
				044CD69E25FAEE34002F9340 /* FirebaseInstallations */,
				044CD69525FAEE32002F9340 /* FirebaseStorage */,
				044CD69025FAEE32002F9340 /* GoogleAppMeasurement */,
				044CD69425FAEE32002F9340 /* GoogleDataTransport */,
				044CD69925FAEE33002F9340 /* GoogleMaps */,
				044CD69325FAEE32002F9340 /* GoogleUtilities */,
				044CD69625FAEE33002F9340 /* GTMSessionFetcher */,
				044CD6CD25FAEE34002F9340 /* Headers */,
				044CD69A25FAEE33002F9340 /* leveldb-library */,
				044CD69B25FAEE33002F9340 /* Local Podspecs */,
				044CD6CE25FAEE35002F9340 /* Manifest.lock */,
				044CD6CF25FAEE35002F9340 /* nanopb */,
				044CD69F25FAEE34002F9340 /* Pods.xcodeproj */,
				044CD68F25FAEE32002F9340 /* Pods.xcworkspace */,
				044CD69725FAEE33002F9340 /* PromisesObjC */,
				044CD6D025FAEE35002F9340 /* Target Support Files */,
				1842D3B5DB1D490E35814B5E /* Pods-Magnet.debug.xcconfig */,
				B9D3E73CD016D854D443408A /* Pods-Magnet.release.xcconfig */,
			);
			path = Pods;
			sourceTree = "<group>";
		};
/* End PBXGroup section */

/* Begin PBXNativeTarget section */
		04A89AD225E4709100C2E7F0 /* Magnet */ = {
			isa = PBXNativeTarget;
			buildConfigurationList = 04A89AE725E4709300C2E7F0 /* Build configuration list for PBXNativeTarget "Magnet" */;
			buildPhases = (
				6202A66BE39742E7BCE624D0 /* [CP] Check Pods Manifest.lock */,
				04A89ACF25E4709100C2E7F0 /* Sources */,
				04A89AD025E4709100C2E7F0 /* Frameworks */,
				04A89AD125E4709100C2E7F0 /* Resources */,
				AFE0117980013C864B5ACF1E /* [CP] Embed Pods Frameworks */,
				FA78D4CFB659358A9260B832 /* [CP] Copy Pods Resources */,
			);
			buildRules = (
			);
			dependencies = (
			);
			name = Magnet;
			productName = Magnet;
			productReference = 04A89AD325E4709100C2E7F0 /* Magnet.app */;
			productType = "com.apple.product-type.application";
		};
/* End PBXNativeTarget section */

/* Begin PBXProject section */
		04A89ACB25E4709100C2E7F0 /* Project object */ = {
			isa = PBXProject;
			attributes = {
				LastSwiftUpdateCheck = 1250;
				LastUpgradeCheck = 1250;
				TargetAttributes = {
					04A89AD225E4709100C2E7F0 = {
						CreatedOnToolsVersion = 12.5;
					};
				};
			};
			buildConfigurationList = 04A89ACE25E4709100C2E7F0 /* Build configuration list for PBXProject "Magnet" */;
			compatibilityVersion = "Xcode 9.3";
			developmentRegion = en;
			hasScannedForEncodings = 0;
			knownRegions = (
				en,
				Base,
			);
			mainGroup = 04A89ACA25E4709100C2E7F0;
			productRefGroup = 04A89AD425E4709100C2E7F0 /* Products */;
			projectDirPath = "";
			projectReferences = (
				{
					ProductGroup = 044CD6A025FAEE34002F9340 /* Products */;
					ProjectRef = 044CD69F25FAEE34002F9340 /* Pods.xcodeproj */;
				},
			);
			projectRoot = "";
			targets = (
				04A89AD225E4709100C2E7F0 /* Magnet */,
			);
		};
/* End PBXProject section */

/* Begin PBXReferenceProxy section */
		044CD6B425FAEE34002F9340 /* FirebaseAuth.framework */ = {
			isa = PBXReferenceProxy;
			fileType = wrapper.framework;
			path = FirebaseAuth.framework;
			remoteRef = 044CD6B325FAEE34002F9340 /* PBXContainerItemProxy */;
			sourceTree = BUILT_PRODUCTS_DIR;
		};
		044CD6B625FAEE34002F9340 /* FirebaseCore.framework */ = {
			isa = PBXReferenceProxy;
			fileType = wrapper.framework;
			path = FirebaseCore.framework;
			remoteRef = 044CD6B525FAEE34002F9340 /* PBXContainerItemProxy */;
			sourceTree = BUILT_PRODUCTS_DIR;
		};
		044CD6B825FAEE34002F9340 /* FirebaseCoreDiagnostics.framework */ = {
			isa = PBXReferenceProxy;
			fileType = wrapper.framework;
			path = FirebaseCoreDiagnostics.framework;
			remoteRef = 044CD6B725FAEE34002F9340 /* PBXContainerItemProxy */;
			sourceTree = BUILT_PRODUCTS_DIR;
		};
		044CD6BA25FAEE34002F9340 /* FirebaseDatabase.framework */ = {
			isa = PBXReferenceProxy;
			fileType = wrapper.framework;
			path = FirebaseDatabase.framework;
			remoteRef = 044CD6B925FAEE34002F9340 /* PBXContainerItemProxy */;
			sourceTree = BUILT_PRODUCTS_DIR;
		};
		044CD6BC25FAEE34002F9340 /* FirebaseInstallations.framework */ = {
			isa = PBXReferenceProxy;
			fileType = wrapper.framework;
			path = FirebaseInstallations.framework;
			remoteRef = 044CD6BB25FAEE34002F9340 /* PBXContainerItemProxy */;
			sourceTree = BUILT_PRODUCTS_DIR;
		};
		044CD6BE25FAEE34002F9340 /* FirebaseStorage.framework */ = {
			isa = PBXReferenceProxy;
			fileType = wrapper.framework;
			path = FirebaseStorage.framework;
			remoteRef = 044CD6BD25FAEE34002F9340 /* PBXContainerItemProxy */;
			sourceTree = BUILT_PRODUCTS_DIR;
		};
		044CD6C025FAEE34002F9340 /* GoogleDataTransport.framework */ = {
			isa = PBXReferenceProxy;
			fileType = wrapper.framework;
			path = GoogleDataTransport.framework;
			remoteRef = 044CD6BF25FAEE34002F9340 /* PBXContainerItemProxy */;
			sourceTree = BUILT_PRODUCTS_DIR;
		};
		044CD6C225FAEE34002F9340 /* GoogleUtilities.framework */ = {
			isa = PBXReferenceProxy;
			fileType = wrapper.framework;
			path = GoogleUtilities.framework;
			remoteRef = 044CD6C125FAEE34002F9340 /* PBXContainerItemProxy */;
			sourceTree = BUILT_PRODUCTS_DIR;
		};
		044CD6C425FAEE34002F9340 /* GTMSessionFetcher.framework */ = {
			isa = PBXReferenceProxy;
			fileType = wrapper.framework;
			path = GTMSessionFetcher.framework;
			remoteRef = 044CD6C325FAEE34002F9340 /* PBXContainerItemProxy */;
			sourceTree = BUILT_PRODUCTS_DIR;
		};
		044CD6C625FAEE34002F9340 /* leveldb.framework */ = {
			isa = PBXReferenceProxy;
			fileType = wrapper.framework;
			path = leveldb.framework;
			remoteRef = 044CD6C525FAEE34002F9340 /* PBXContainerItemProxy */;
			sourceTree = BUILT_PRODUCTS_DIR;
		};
		044CD6C825FAEE34002F9340 /* nanopb.framework */ = {
			isa = PBXReferenceProxy;
			fileType = wrapper.framework;
			path = nanopb.framework;
			remoteRef = 044CD6C725FAEE34002F9340 /* PBXContainerItemProxy */;
			sourceTree = BUILT_PRODUCTS_DIR;
		};
		044CD6CA25FAEE34002F9340 /* Pods_Magnet.framework */ = {
			isa = PBXReferenceProxy;
			fileType = wrapper.framework;
			path = Pods_Magnet.framework;
			remoteRef = 044CD6C925FAEE34002F9340 /* PBXContainerItemProxy */;
			sourceTree = BUILT_PRODUCTS_DIR;
		};
		044CD6CC25FAEE34002F9340 /* FBLPromises.framework */ = {
			isa = PBXReferenceProxy;
			fileType = wrapper.framework;
			path = FBLPromises.framework;
			remoteRef = 044CD6CB25FAEE34002F9340 /* PBXContainerItemProxy */;
			sourceTree = BUILT_PRODUCTS_DIR;
		};
/* End PBXReferenceProxy section */

/* Begin PBXResourcesBuildPhase section */
		04A89AD125E4709100C2E7F0 /* Resources */ = {
			isa = PBXResourcesBuildPhase;
			buildActionMask = 2147483647;
			files = (
				044CD6DA25FAEE35002F9340 /* PromisesObjC in Resources */,
				044CD6DB25FAEE35002F9340 /* FirebaseAuth in Resources */,
				044CD6D625FAEE35002F9340 /* GoogleUtilities in Resources */,
				044CD6D725FAEE35002F9340 /* GoogleDataTransport in Resources */,
				044CD6E625FAEE35002F9340 /* FirebaseAnalytics in Resources */,
				044CD6E325FAEE35002F9340 /* Manifest.lock in Resources */,
				E01C7AE025F8599A00CEB545 /* RegistrationViewController.xib in Resources */,
				04A89AE325E4709300C2E7F0 /* LaunchScreen.storyboard in Resources */,
				04A89AEB25E4717C00C2E7F0 /* GoogleService-Info.plist in Resources */,
				044CD6E525FAEE35002F9340 /* Target Support Files in Resources */,
				044CD6DF25FAEE35002F9340 /* FirebaseCore in Resources */,
				044CD6D825FAEE35002F9340 /* FirebaseStorage in Resources */,
				044CD6E225FAEE35002F9340 /* Headers in Resources */,
				044CD6E025FAEE35002F9340 /* FirebaseCoreDiagnostics in Resources */,
				044CD6DC25FAEE35002F9340 /* GoogleMaps in Resources */,
				04A89AE025E4709300C2E7F0 /* Assets.xcassets in Resources */,
				044CD6D325FAEE35002F9340 /* GoogleAppMeasurement in Resources */,
				044CD6D525FAEE35002F9340 /* Firebase in Resources */,
				044CD6DD25FAEE35002F9340 /* leveldb-library in Resources */,
				044CD6E125FAEE35002F9340 /* FirebaseInstallations in Resources */,
				044CD6D225FAEE35002F9340 /* Pods.xcworkspace in Resources */,
				044CD6D425FAEE35002F9340 /* FirebaseDatabase in Resources */,
				044CD6E425FAEE35002F9340 /* nanopb in Resources */,
				04A89ADE25E4709100C2E7F0 /* Main.storyboard in Resources */,
				044CD6DE25FAEE35002F9340 /* Local Podspecs in Resources */,
				044CD6D925FAEE35002F9340 /* GTMSessionFetcher in Resources */,
			);
			runOnlyForDeploymentPostprocessing = 0;
		};
/* End PBXResourcesBuildPhase section */

/* Begin PBXShellScriptBuildPhase section */
		6202A66BE39742E7BCE624D0 /* [CP] Check Pods Manifest.lock */ = {
			isa = PBXShellScriptBuildPhase;
			buildActionMask = 2147483647;
			files = (
			);
			inputFileListPaths = (
			);
			inputPaths = (
				"${PODS_PODFILE_DIR_PATH}/Podfile.lock",
				"${PODS_ROOT}/Manifest.lock",
			);
			name = "[CP] Check Pods Manifest.lock";
			outputFileListPaths = (
			);
			outputPaths = (
				"$(DERIVED_FILE_DIR)/Pods-Magnet-checkManifestLockResult.txt",
			);
			runOnlyForDeploymentPostprocessing = 0;
			shellPath = /bin/sh;
			shellScript = "diff \"${PODS_PODFILE_DIR_PATH}/Podfile.lock\" \"${PODS_ROOT}/Manifest.lock\" > /dev/null\nif [ $? != 0 ] ; then\n    # print error to STDERR\n    echo \"error: The sandbox is not in sync with the Podfile.lock. Run 'pod install' or update your CocoaPods installation.\" >&2\n    exit 1\nfi\n# This output is used by Xcode 'outputs' to avoid re-running this script phase.\necho \"SUCCESS\" > \"${SCRIPT_OUTPUT_FILE_0}\"\n";
			showEnvVarsInLog = 0;
		};
		AFE0117980013C864B5ACF1E /* [CP] Embed Pods Frameworks */ = {
			isa = PBXShellScriptBuildPhase;
			buildActionMask = 2147483647;
			files = (
			);
			inputFileListPaths = (
				"${PODS_ROOT}/Target Support Files/Pods-Magnet/Pods-Magnet-frameworks-${CONFIGURATION}-input-files.xcfilelist",
			);
			name = "[CP] Embed Pods Frameworks";
			outputFileListPaths = (
				"${PODS_ROOT}/Target Support Files/Pods-Magnet/Pods-Magnet-frameworks-${CONFIGURATION}-output-files.xcfilelist",
			);
			runOnlyForDeploymentPostprocessing = 0;
			shellPath = /bin/sh;
			shellScript = "\"${PODS_ROOT}/Target Support Files/Pods-Magnet/Pods-Magnet-frameworks.sh\"\n";
			showEnvVarsInLog = 0;
		};
		FA78D4CFB659358A9260B832 /* [CP] Copy Pods Resources */ = {
			isa = PBXShellScriptBuildPhase;
			buildActionMask = 2147483647;
			files = (
			);
			inputFileListPaths = (
				"${PODS_ROOT}/Target Support Files/Pods-Magnet/Pods-Magnet-resources-${CONFIGURATION}-input-files.xcfilelist",
			);
			name = "[CP] Copy Pods Resources";
			outputFileListPaths = (
				"${PODS_ROOT}/Target Support Files/Pods-Magnet/Pods-Magnet-resources-${CONFIGURATION}-output-files.xcfilelist",
			);
			runOnlyForDeploymentPostprocessing = 0;
			shellPath = /bin/sh;
			shellScript = "\"${PODS_ROOT}/Target Support Files/Pods-Magnet/Pods-Magnet-resources.sh\"\n";
			showEnvVarsInLog = 0;
		};
/* End PBXShellScriptBuildPhase section */

/* Begin PBXSourcesBuildPhase section */
		04A89ACF25E4709100C2E7F0 /* Sources */ = {
			isa = PBXSourcesBuildPhase;
			buildActionMask = 2147483647;
			files = (
				E7ADF8EA25F5C1EF00D42CA0 /* MAPVC.swift in Sources */,
				E0D81CB225ED81A800DF3774 /* PreviewRegViewController.swift in Sources */,
				04A89ADB25E4709100C2E7F0 /* ViewController.swift in Sources */,
				E0D81CB625ED8CB100DF3774 /* SecondRegViewController.swift in Sources */,
				04A89AD725E4709100C2E7F0 /* AppDelegate.swift in Sources */,
				E01C7ADF25F8599A00CEB545 /* RegistrationViewController.swift in Sources */,
				E0D81CAE25ED699600DF3774 /* SignInViewController.swift in Sources */,
				04A89AD925E4709100C2E7F0 /* SceneDelegate.swift in Sources */,
			);
			runOnlyForDeploymentPostprocessing = 0;
		};
/* End PBXSourcesBuildPhase section */

/* Begin PBXVariantGroup section */
		04A89ADC25E4709100C2E7F0 /* Main.storyboard */ = {
			isa = PBXVariantGroup;
			children = (
				04A89ADD25E4709100C2E7F0 /* Base */,
			);
			name = Main.storyboard;
			sourceTree = "<group>";
		};
		04A89AE125E4709300C2E7F0 /* LaunchScreen.storyboard */ = {
			isa = PBXVariantGroup;
			children = (
				04A89AE225E4709300C2E7F0 /* Base */,
			);
			name = LaunchScreen.storyboard;
			sourceTree = "<group>";
		};
/* End PBXVariantGroup section */

/* Begin XCBuildConfiguration section */
		04A89AE525E4709300C2E7F0 /* Debug */ = {
			isa = XCBuildConfiguration;
			buildSettings = {
				ALWAYS_SEARCH_USER_PATHS = NO;
				CLANG_ANALYZER_NONNULL = YES;
				CLANG_ANALYZER_NUMBER_OBJECT_CONVERSION = YES_AGGRESSIVE;
				CLANG_CXX_LANGUAGE_STANDARD = "gnu++14";
				CLANG_CXX_LIBRARY = "libc++";
				CLANG_ENABLE_MODULES = YES;
				CLANG_ENABLE_OBJC_ARC = YES;
				CLANG_ENABLE_OBJC_WEAK = YES;
				CLANG_WARN_BLOCK_CAPTURE_AUTORELEASING = YES;
				CLANG_WARN_BOOL_CONVERSION = YES;
				CLANG_WARN_COMMA = YES;
				CLANG_WARN_CONSTANT_CONVERSION = YES;
				CLANG_WARN_DEPRECATED_OBJC_IMPLEMENTATIONS = YES;
				CLANG_WARN_DIRECT_OBJC_ISA_USAGE = YES_ERROR;
				CLANG_WARN_DOCUMENTATION_COMMENTS = YES;
				CLANG_WARN_EMPTY_BODY = YES;
				CLANG_WARN_ENUM_CONVERSION = YES;
				CLANG_WARN_INFINITE_RECURSION = YES;
				CLANG_WARN_INT_CONVERSION = YES;
				CLANG_WARN_NON_LITERAL_NULL_CONVERSION = YES;
				CLANG_WARN_OBJC_IMPLICIT_RETAIN_SELF = YES;
				CLANG_WARN_OBJC_LITERAL_CONVERSION = YES;
				CLANG_WARN_OBJC_ROOT_CLASS = YES_ERROR;
				CLANG_WARN_QUOTED_INCLUDE_IN_FRAMEWORK_HEADER = YES;
				CLANG_WARN_RANGE_LOOP_ANALYSIS = YES;
				CLANG_WARN_STRICT_PROTOTYPES = YES;
				CLANG_WARN_SUSPICIOUS_MOVE = YES;
				CLANG_WARN_UNGUARDED_AVAILABILITY = YES_AGGRESSIVE;
				CLANG_WARN_UNREACHABLE_CODE = YES;
				CLANG_WARN__DUPLICATE_METHOD_MATCH = YES;
				COPY_PHASE_STRIP = NO;
				DEBUG_INFORMATION_FORMAT = dwarf;
				ENABLE_STRICT_OBJC_MSGSEND = YES;
				ENABLE_TESTABILITY = YES;
				GCC_C_LANGUAGE_STANDARD = gnu11;
				GCC_DYNAMIC_NO_PIC = NO;
				GCC_NO_COMMON_BLOCKS = YES;
				GCC_OPTIMIZATION_LEVEL = 0;
				GCC_PREPROCESSOR_DEFINITIONS = (
					"DEBUG=1",
					"$(inherited)",
				);
				GCC_WARN_64_TO_32_BIT_CONVERSION = YES;
				GCC_WARN_ABOUT_RETURN_TYPE = YES_ERROR;
				GCC_WARN_UNDECLARED_SELECTOR = YES;
				GCC_WARN_UNINITIALIZED_AUTOS = YES_AGGRESSIVE;
				GCC_WARN_UNUSED_FUNCTION = YES;
				GCC_WARN_UNUSED_VARIABLE = YES;
				IPHONEOS_DEPLOYMENT_TARGET = 14.5;
				MTL_ENABLE_DEBUG_INFO = INCLUDE_SOURCE;
				MTL_FAST_MATH = YES;
				ONLY_ACTIVE_ARCH = YES;
				SDKROOT = iphoneos;
				SWIFT_ACTIVE_COMPILATION_CONDITIONS = DEBUG;
				SWIFT_OPTIMIZATION_LEVEL = "-Onone";
			};
			name = Debug;
		};
		04A89AE625E4709300C2E7F0 /* Release */ = {
			isa = XCBuildConfiguration;
			buildSettings = {
				ALWAYS_SEARCH_USER_PATHS = NO;
				CLANG_ANALYZER_NONNULL = YES;
				CLANG_ANALYZER_NUMBER_OBJECT_CONVERSION = YES_AGGRESSIVE;
				CLANG_CXX_LANGUAGE_STANDARD = "gnu++14";
				CLANG_CXX_LIBRARY = "libc++";
				CLANG_ENABLE_MODULES = YES;
				CLANG_ENABLE_OBJC_ARC = YES;
				CLANG_ENABLE_OBJC_WEAK = YES;
				CLANG_WARN_BLOCK_CAPTURE_AUTORELEASING = YES;
				CLANG_WARN_BOOL_CONVERSION = YES;
				CLANG_WARN_COMMA = YES;
				CLANG_WARN_CONSTANT_CONVERSION = YES;
				CLANG_WARN_DEPRECATED_OBJC_IMPLEMENTATIONS = YES;
				CLANG_WARN_DIRECT_OBJC_ISA_USAGE = YES_ERROR;
				CLANG_WARN_DOCUMENTATION_COMMENTS = YES;
				CLANG_WARN_EMPTY_BODY = YES;
				CLANG_WARN_ENUM_CONVERSION = YES;
				CLANG_WARN_INFINITE_RECURSION = YES;
				CLANG_WARN_INT_CONVERSION = YES;
				CLANG_WARN_NON_LITERAL_NULL_CONVERSION = YES;
				CLANG_WARN_OBJC_IMPLICIT_RETAIN_SELF = YES;
				CLANG_WARN_OBJC_LITERAL_CONVERSION = YES;
				CLANG_WARN_OBJC_ROOT_CLASS = YES_ERROR;
				CLANG_WARN_QUOTED_INCLUDE_IN_FRAMEWORK_HEADER = YES;
				CLANG_WARN_RANGE_LOOP_ANALYSIS = YES;
				CLANG_WARN_STRICT_PROTOTYPES = YES;
				CLANG_WARN_SUSPICIOUS_MOVE = YES;
				CLANG_WARN_UNGUARDED_AVAILABILITY = YES_AGGRESSIVE;
				CLANG_WARN_UNREACHABLE_CODE = YES;
				CLANG_WARN__DUPLICATE_METHOD_MATCH = YES;
				COPY_PHASE_STRIP = NO;
				DEBUG_INFORMATION_FORMAT = "dwarf-with-dsym";
				ENABLE_NS_ASSERTIONS = NO;
				ENABLE_STRICT_OBJC_MSGSEND = YES;
				GCC_C_LANGUAGE_STANDARD = gnu11;
				GCC_NO_COMMON_BLOCKS = YES;
				GCC_WARN_64_TO_32_BIT_CONVERSION = YES;
				GCC_WARN_ABOUT_RETURN_TYPE = YES_ERROR;
				GCC_WARN_UNDECLARED_SELECTOR = YES;
				GCC_WARN_UNINITIALIZED_AUTOS = YES_AGGRESSIVE;
				GCC_WARN_UNUSED_FUNCTION = YES;
				GCC_WARN_UNUSED_VARIABLE = YES;
				IPHONEOS_DEPLOYMENT_TARGET = 14.5;
				MTL_ENABLE_DEBUG_INFO = NO;
				MTL_FAST_MATH = YES;
				SDKROOT = iphoneos;
				SWIFT_COMPILATION_MODE = wholemodule;
				SWIFT_OPTIMIZATION_LEVEL = "-O";
				VALIDATE_PRODUCT = YES;
			};
			name = Release;
		};
		04A89AE825E4709300C2E7F0 /* Debug */ = {
			isa = XCBuildConfiguration;
			baseConfigurationReference = 1842D3B5DB1D490E35814B5E /* Pods-Magnet.debug.xcconfig */;
			buildSettings = {
				ASSETCATALOG_COMPILER_APPICON_NAME = AppIcon;
				ASSETCATALOG_COMPILER_GLOBAL_ACCENT_COLOR_NAME = AccentColor;
				CODE_SIGN_STYLE = Automatic;
				INFOPLIST_FILE = Magnet/Info.plist;
				IPHONEOS_DEPLOYMENT_TARGET = 13.1;
				LD_RUNPATH_SEARCH_PATHS = (
					"$(inherited)",
					"@executable_path/Frameworks",
				);
				PRODUCT_BUNDLE_IDENTIFIER = "Purdue-CS-30700.Magnet";
				PRODUCT_NAME = "$(TARGET_NAME)";
				SWIFT_VERSION = 5.0;
				TARGETED_DEVICE_FAMILY = "1,2";
			};
			name = Debug;
		};
		04A89AE925E4709300C2E7F0 /* Release */ = {
			isa = XCBuildConfiguration;
			baseConfigurationReference = B9D3E73CD016D854D443408A /* Pods-Magnet.release.xcconfig */;
			buildSettings = {
				ASSETCATALOG_COMPILER_APPICON_NAME = AppIcon;
				ASSETCATALOG_COMPILER_GLOBAL_ACCENT_COLOR_NAME = AccentColor;
				CODE_SIGN_STYLE = Automatic;
				INFOPLIST_FILE = Magnet/Info.plist;
				IPHONEOS_DEPLOYMENT_TARGET = 13.1;
				LD_RUNPATH_SEARCH_PATHS = (
					"$(inherited)",
					"@executable_path/Frameworks",
				);
				PRODUCT_BUNDLE_IDENTIFIER = "Purdue-CS-30700.Magnet";
				PRODUCT_NAME = "$(TARGET_NAME)";
				SWIFT_VERSION = 5.0;
				TARGETED_DEVICE_FAMILY = "1,2";
			};
			name = Release;
		};
/* End XCBuildConfiguration section */

/* Begin XCConfigurationList section */
		04A89ACE25E4709100C2E7F0 /* Build configuration list for PBXProject "Magnet" */ = {
			isa = XCConfigurationList;
			buildConfigurations = (
				04A89AE525E4709300C2E7F0 /* Debug */,
				04A89AE625E4709300C2E7F0 /* Release */,
			);
			defaultConfigurationIsVisible = 0;
			defaultConfigurationName = Release;
		};
		04A89AE725E4709300C2E7F0 /* Build configuration list for PBXNativeTarget "Magnet" */ = {
			isa = XCConfigurationList;
			buildConfigurations = (
				04A89AE825E4709300C2E7F0 /* Debug */,
				04A89AE925E4709300C2E7F0 /* Release */,
			);
			defaultConfigurationIsVisible = 0;
			defaultConfigurationName = Release;
		};
/* End XCConfigurationList section */
	};
	rootObject = 04A89ACB25E4709100C2E7F0 /* Project object */;
}
